
Microsoft Visual Studio Solution File, Format Version 12.00
# Visual Studio 15
VisualStudioVersion = 15.0.28307.329
MinimumVisualStudioVersion = 10.0.40219.1
Project("{FAE04EC0-301F-11D3-BF4B-00C04F79EFBC}") = "Sammelkarten", "Sammelkarten\Sammelkarten.csproj", "{B85EA752-5A73-4447-8297-3AF2B130C00F}"
EndProject
Global
	GlobalSection(SolutionConfigurationPlatforms) = preSolution
		Debug|Any CPU = Debug|Any CPU
		Release|Any CPU = Release|Any CPU
	EndGlobalSection
	GlobalSection(ProjectConfigurationPlatforms) = postSolution
		{B85EA752-5A73-4447-8297-3AF2B130C00F}.Debug|Any CPU.ActiveCfg = Debug|Any CPU
		{B85EA752-5A73-4447-8297-3AF2B130C00F}.Debug|Any CPU.Build.0 = Debug|Any CPU
		{B85EA752-5A73-4447-8297-3AF2B130C00F}.Release|Any CPU.ActiveCfg = Release|Any CPU
		{B85EA752-5A73-4447-8297-3AF2B130C00F}.Release|Any CPU.Build.0 = Release|Any CPU
	EndGlobalSection
	GlobalSection(SolutionProperties) = preSolution
		HideSolutionNode = FALSE
	EndGlobalSection
	GlobalSection(ExtensibilityGlobals) = postSolution
		SolutionGuid = {ADEFBE9B-73E5-4188-99C3-7D5C6D1085C7}
	EndGlobalSection
EndGlobal
